
Microsoft Visual Studio Solution File, Format Version 12.00
# Visual Studio Version 16
VisualStudioVersion = 16.0.29009.5
MinimumVisualStudioVersion = 10.0.40219.1
Project("{FAE04EC0-301F-11D3-BF4B-00C04F79EFBC}") = "WindowsFormsApp1", "WindowsFormsApp1\WindowsFormsApp1.csproj", "{E9E2F2B0-5360-4E71-B9FD-2AF387B6158A}"
EndProject
Project("{FAE04EC0-301F-11D3-BF4B-00C04F79EFBC}") = "ClassLibrairie", "ClassLibrairie\ClassLibrairie.csproj", "{1D383EFB-15C2-4C78-85EF-256A374172BE}"
EndProject
Global
	GlobalSection(SolutionConfigurationPlatforms) = preSolution
		Debug|Any CPU = Debug|Any CPU
		Release|Any CPU = Release|Any CPU
	EndGlobalSection
	GlobalSection(ProjectConfigurationPlatforms) = postSolution
		{E9E2F2B0-5360-4E71-B9FD-2AF387B6158A}.Debug|Any CPU.ActiveCfg = Debug|Any CPU
		{E9E2F2B0-5360-4E71-B9FD-2AF387B6158A}.Debug|Any CPU.Build.0 = Debug|Any CPU
		{E9E2F2B0-5360-4E71-B9FD-2AF387B6158A}.Release|Any CPU.ActiveCfg = Release|Any CPU
		{E9E2F2B0-5360-4E71-B9FD-2AF387B6158A}.Release|Any CPU.Build.0 = Release|Any CPU
		{1D383EFB-15C2-4C78-85EF-256A374172BE}.Debug|Any CPU.ActiveCfg = Debug|Any CPU
		{1D383EFB-15C2-4C78-85EF-256A374172BE}.Debug|Any CPU.Build.0 = Debug|Any CPU
		{1D383EFB-15C2-4C78-85EF-256A374172BE}.Release|Any CPU.ActiveCfg = Release|Any CPU
		{1D383EFB-15C2-4C78-85EF-256A374172BE}.Release|Any CPU.Build.0 = Release|Any CPU
	EndGlobalSection
	GlobalSection(SolutionProperties) = preSolution
		HideSolutionNode = FALSE
	EndGlobalSection
	GlobalSection(ExtensibilityGlobals) = postSolution
		SolutionGuid = {287B1867-5003-4D90-9D1A-D35793234C62}
	EndGlobalSection
EndGlobal
